
Microsoft Visual Studio Solution File, Format Version 12.00
# Visual Studio Version 17
VisualStudioVersion = 17.14.36301.6 d17.14
MinimumVisualStudioVersion = 10.0.40219.1
Project("{FAE04EC0-301F-11D3-BF4B-00C04F79EFBC}") = "tavi_16_asinqronuli_programireba", "tavi_16_asinqronuli_programireba.csproj", "{65A9BA54-9F5A-41A1-AF06-6272AA8F9DED}"
EndProject
Global
	GlobalSection(SolutionConfigurationPlatforms) = preSolution
		Debug|Any CPU = Debug|Any CPU
		Release|Any CPU = Release|Any CPU
	EndGlobalSection
	GlobalSection(ProjectConfigurationPlatforms) = postSolution
		{65A9BA54-9F5A-41A1-AF06-6272AA8F9DED}.Debug|Any CPU.ActiveCfg = Debug|Any CPU
		{65A9BA54-9F5A-41A1-AF06-6272AA8F9DED}.Debug|Any CPU.Build.0 = Debug|Any CPU
		{65A9BA54-9F5A-41A1-AF06-6272AA8F9DED}.Release|Any CPU.ActiveCfg = Release|Any CPU
		{65A9BA54-9F5A-41A1-AF06-6272AA8F9DED}.Release|Any CPU.Build.0 = Release|Any CPU
	EndGlobalSection
	GlobalSection(SolutionProperties) = preSolution
		HideSolutionNode = FALSE
	EndGlobalSection
	GlobalSection(ExtensibilityGlobals) = postSolution
		SolutionGuid = {5A6F3DA8-D0BA-4783-98C3-F1A6F1F7D1B9}
	EndGlobalSection
EndGlobal
