
Microsoft Visual Studio Solution File, Format Version 12.00
# Visual Studio Version 17
VisualStudioVersion = 17.14.36301.6 d17.14
MinimumVisualStudioVersion = 10.0.40219.1
Project("{FAE04EC0-301F-11D3-BF4B-00C04F79EFBC}") = "tavi_24_XML", "tavi_24_XML.csproj", "{BEFBFD24-7E35-4F43-BE80-CB3CA9E123A9}"
EndProject
Global
	GlobalSection(SolutionConfigurationPlatforms) = preSolution
		Debug|Any CPU = Debug|Any CPU
		Release|Any CPU = Release|Any CPU
	EndGlobalSection
	GlobalSection(ProjectConfigurationPlatforms) = postSolution
		{BEFBFD24-7E35-4F43-BE80-CB3CA9E123A9}.Debug|Any CPU.ActiveCfg = Debug|Any CPU
		{BEFBFD24-7E35-4F43-BE80-CB3CA9E123A9}.Debug|Any CPU.Build.0 = Debug|Any CPU
		{BEFBFD24-7E35-4F43-BE80-CB3CA9E123A9}.Release|Any CPU.ActiveCfg = Release|Any CPU
		{BEFBFD24-7E35-4F43-BE80-CB3CA9E123A9}.Release|Any CPU.Build.0 = Release|Any CPU
	EndGlobalSection
	GlobalSection(SolutionProperties) = preSolution
		HideSolutionNode = FALSE
	EndGlobalSection
	GlobalSection(ExtensibilityGlobals) = postSolution
		SolutionGuid = {BAB7AB81-70F0-4846-BB1A-6637F103610F}
	EndGlobalSection
EndGlobal
