
Microsoft Visual Studio Solution File, Format Version 12.00
# Visual Studio Version 17
VisualStudioVersion = 17.14.36301.6 d17.14
MinimumVisualStudioVersion = 10.0.40219.1
Project("{FAE04EC0-301F-11D3-BF4B-00C04F79EFBC}") = "davaleba_xml_ze", "davaleba_xml_ze.csproj", "{4FEF9058-A5FD-463E-A1C4-3C82BC0BE3D7}"
EndProject
Global
	GlobalSection(SolutionConfigurationPlatforms) = preSolution
		Debug|Any CPU = Debug|Any CPU
		Release|Any CPU = Release|Any CPU
	EndGlobalSection
	GlobalSection(ProjectConfigurationPlatforms) = postSolution
		{4FEF9058-A5FD-463E-A1C4-3C82BC0BE3D7}.Debug|Any CPU.ActiveCfg = Debug|Any CPU
		{4FEF9058-A5FD-463E-A1C4-3C82BC0BE3D7}.Debug|Any CPU.Build.0 = Debug|Any CPU
		{4FEF9058-A5FD-463E-A1C4-3C82BC0BE3D7}.Release|Any CPU.ActiveCfg = Release|Any CPU
		{4FEF9058-A5FD-463E-A1C4-3C82BC0BE3D7}.Release|Any CPU.Build.0 = Release|Any CPU
	EndGlobalSection
	GlobalSection(SolutionProperties) = preSolution
		HideSolutionNode = FALSE
	EndGlobalSection
	GlobalSection(ExtensibilityGlobals) = postSolution
		SolutionGuid = {1CE651E1-1EEC-4B03-8783-93424D1CAD0C}
	EndGlobalSection
EndGlobal
