
Microsoft Visual Studio Solution File, Format Version 12.00
# Visual Studio Version 17
VisualStudioVersion = 17.14.36301.6 d17.14
MinimumVisualStudioVersion = 10.0.40219.1
Project("{FAE04EC0-301F-11D3-BF4B-00C04F79EFBC}") = "klasebi_mecadineoba", "klasebi_mecadineoba.csproj", "{F21664C8-ED5A-4C4F-B140-DDE2F4DA6D3F}"
EndProject
Global
	GlobalSection(SolutionConfigurationPlatforms) = preSolution
		Debug|Any CPU = Debug|Any CPU
		Release|Any CPU = Release|Any CPU
	EndGlobalSection
	GlobalSection(ProjectConfigurationPlatforms) = postSolution
		{F21664C8-ED5A-4C4F-B140-DDE2F4DA6D3F}.Debug|Any CPU.ActiveCfg = Debug|Any CPU
		{F21664C8-ED5A-4C4F-B140-DDE2F4DA6D3F}.Debug|Any CPU.Build.0 = Debug|Any CPU
		{F21664C8-ED5A-4C4F-B140-DDE2F4DA6D3F}.Release|Any CPU.ActiveCfg = Release|Any CPU
		{F21664C8-ED5A-4C4F-B140-DDE2F4DA6D3F}.Release|Any CPU.Build.0 = Release|Any CPU
	EndGlobalSection
	GlobalSection(SolutionProperties) = preSolution
		HideSolutionNode = FALSE
	EndGlobalSection
	GlobalSection(ExtensibilityGlobals) = postSolution
		SolutionGuid = {00F921CD-C33C-4CB4-8342-A8B4F730D73B}
	EndGlobalSection
EndGlobal
